
Microsoft Visual Studio Solution File, Format Version 12.00
# Visual Studio Version 16
VisualStudioVersion = 16.0.808.7
MinimumVisualStudioVersion = 10.0.40219.1
Project("{FAE04EC0-301F-11D3-BF4B-00C04F79EFBC}") = "SumSubset224", "SumSubset224\SumSubset224.csproj", "{A9376A60-EF41-436F-AA37-52AB091A9793}"
EndProject
Project("{FAE04EC0-301F-11D3-BF4B-00C04F79EFBC}") = "SumSubset224.Tests", "SumSubset224.Tests\SumSubset224.Tests.csproj", "{D360F8D1-5CE0-4AA9-ADA7-563B192175F3}"
EndProject
Global
	GlobalSection(SolutionConfigurationPlatforms) = preSolution
		Debug|Any CPU = Debug|Any CPU
		Release|Any CPU = Release|Any CPU
	EndGlobalSection
	GlobalSection(ProjectConfigurationPlatforms) = postSolution
		{A9376A60-EF41-436F-AA37-52AB091A9793}.Debug|Any CPU.ActiveCfg = Debug|Any CPU
		{A9376A60-EF41-436F-AA37-52AB091A9793}.Debug|Any CPU.Build.0 = Debug|Any CPU
		{A9376A60-EF41-436F-AA37-52AB091A9793}.Release|Any CPU.ActiveCfg = Release|Any CPU
		{A9376A60-EF41-436F-AA37-52AB091A9793}.Release|Any CPU.Build.0 = Release|Any CPU
		{D360F8D1-5CE0-4AA9-ADA7-563B192175F3}.Debug|Any CPU.ActiveCfg = Debug|Any CPU
		{D360F8D1-5CE0-4AA9-ADA7-563B192175F3}.Debug|Any CPU.Build.0 = Debug|Any CPU
		{D360F8D1-5CE0-4AA9-ADA7-563B192175F3}.Release|Any CPU.ActiveCfg = Release|Any CPU
		{D360F8D1-5CE0-4AA9-ADA7-563B192175F3}.Release|Any CPU.Build.0 = Release|Any CPU
	EndGlobalSection
	GlobalSection(SolutionProperties) = preSolution
		HideSolutionNode = FALSE
	EndGlobalSection
	GlobalSection(ExtensibilityGlobals) = postSolution
		SolutionGuid = {E1AC7C57-DC1D-4F16-9959-E2CF250D768A}
	EndGlobalSection
EndGlobal
